// !$*UTF8*$!
{
	archiveVersion = 1;
	classes = {
	};
	objectVersion = 56;
	objects = {

/* Begin PBXBuildFile section */
		312519B02EDFAD4C0093C3FD /* LoversCompassApp.swift in Sources */ = {isa = PBXBuildFile; fileRef = 312519AF2EDFAD4C0093C3FD /* LoversCompassApp.swift */; };
		312519B22EDFAD4C0093C3FD /* ContentView.swift in Sources */ = {isa = PBXBuildFile; fileRef = 312519B12EDFAD4C0093C3FD /* ContentView.swift */; };
		312519B42EDFAD4E0093C3FD /* Assets.xcassets in Resources */ = {isa = PBXBuildFile; fileRef = 312519B32EDFAD4E0093C3FD /* Assets.xcassets */; };
		312519B72EDFAD4E0093C3FD /* Preview Assets.xcassets in Resources */ = {isa = PBXBuildFile; fileRef = 312519B62EDFAD4E0093C3FD /* Preview Assets.xcassets */; };
		312519C12EDFAD4E0093C3FD /* LoversCompassTests.swift in Sources */ = {isa = PBXBuildFile; fileRef = 312519C02EDFAD4E0093C3FD /* LoversCompassTests.swift */; };
		312519CB2EDFAD4E0093C3FD /* LoversCompassUITests.swift in Sources */ = {isa = PBXBuildFile; fileRef = 312519CA2EDFAD4E0093C3FD /* LoversCompassUITests.swift */; };
		312519CD2EDFAD4E0093C3FD /* LoversCompassUITestsLaunchTests.swift in Sources */ = {isa = PBXBuildFile; fileRef = 312519CC2EDFAD4E0093C3FD /* LoversCompassUITestsLaunchTests.swift */; };
		312519DB2EDFAE1A0093C3FD /* DeviceIdManager.swift in Sources */ = {isa = PBXBuildFile; fileRef = 312519DA2EDFAE1A0093C3FD /* DeviceIdManager.swift */; };
		312519DE2EDFB21A0093C3FD /* PairingModels.swift in Sources */ = {isa = PBXBuildFile; fileRef = 312519DD2EDFB21A0093C3FD /* PairingModels.swift */; };
		312519E12EDFB2440093C3FD /* APIClient.swift in Sources */ = {isa = PBXBuildFile; fileRef = 312519E02EDFB2440093C3FD /* APIClient.swift */; };
		312519E32EDFBE590093C3FD /* LocationModels.swift in Sources */ = {isa = PBXBuildFile; fileRef = 312519E22EDFBE590093C3FD /* LocationModels.swift */; };
		312519E62EDFBEE70093C3FD /* MainView.swift in Sources */ = {isa = PBXBuildFile; fileRef = 312519E52EDFBEE70093C3FD /* MainView.swift */; };
/* End PBXBuildFile section */

/* Begin PBXContainerItemProxy section */
		312519BD2EDFAD4E0093C3FD /* PBXContainerItemProxy */ = {
			isa = PBXContainerItemProxy;
			containerPortal = 312519A42EDFAD4C0093C3FD /* Project object */;
			proxyType = 1;
			remoteGlobalIDString = 312519AB2EDFAD4C0093C3FD;
			remoteInfo = LoversCompass;
		};
		312519C72EDFAD4E0093C3FD /* PBXContainerItemProxy */ = {
			isa = PBXContainerItemProxy;
			containerPortal = 312519A42EDFAD4C0093C3FD /* Project object */;
			proxyType = 1;
			remoteGlobalIDString = 312519AB2EDFAD4C0093C3FD;
			remoteInfo = LoversCompass;
		};
/* End PBXContainerItemProxy section */

/* Begin PBXFileReference section */
		312519AC2EDFAD4C0093C3FD /* LoversCompass.app */ = {isa = PBXFileReference; explicitFileType = wrapper.application; includeInIndex = 0; path = LoversCompass.app; sourceTree = BUILT_PRODUCTS_DIR; };
		312519AF2EDFAD4C0093C3FD /* LoversCompassApp.swift */ = {isa = PBXFileReference; lastKnownFileType = sourcecode.swift; path = LoversCompassApp.swift; sourceTree = "<group>"; };
		312519B12EDFAD4C0093C3FD /* ContentView.swift */ = {isa = PBXFileReference; lastKnownFileType = sourcecode.swift; path = ContentView.swift; sourceTree = "<group>"; };
		312519B32EDFAD4E0093C3FD /* Assets.xcassets */ = {isa = PBXFileReference; lastKnownFileType = folder.assetcatalog; path = Assets.xcassets; sourceTree = "<group>"; };
		312519B62EDFAD4E0093C3FD /* Preview Assets.xcassets */ = {isa = PBXFileReference; lastKnownFileType = folder.assetcatalog; path = "Preview Assets.xcassets"; sourceTree = "<group>"; };
		312519BC2EDFAD4E0093C3FD /* LoversCompassTests.xctest */ = {isa = PBXFileReference; explicitFileType = wrapper.cfbundle; includeInIndex = 0; path = LoversCompassTests.xctest; sourceTree = BUILT_PRODUCTS_DIR; };
		312519C02EDFAD4E0093C3FD /* LoversCompassTests.swift */ = {isa = PBXFileReference; lastKnownFileType = sourcecode.swift; path = LoversCompassTests.swift; sourceTree = "<group>"; };
		312519C62EDFAD4E0093C3FD /* LoversCompassUITests.xctest */ = {isa = PBXFileReference; explicitFileType = wrapper.cfbundle; includeInIndex = 0; path = LoversCompassUITests.xctest; sourceTree = BUILT_PRODUCTS_DIR; };
		312519CA2EDFAD4E0093C3FD /* LoversCompassUITests.swift */ = {isa = PBXFileReference; lastKnownFileType = sourcecode.swift; path = LoversCompassUITests.swift; sourceTree = "<group>"; };
		312519CC2EDFAD4E0093C3FD /* LoversCompassUITestsLaunchTests.swift */ = {isa = PBXFileReference; lastKnownFileType = sourcecode.swift; path = LoversCompassUITestsLaunchTests.swift; sourceTree = "<group>"; };
		312519DA2EDFAE1A0093C3FD /* DeviceIdManager.swift */ = {isa = PBXFileReference; lastKnownFileType = sourcecode.swift; path = DeviceIdManager.swift; sourceTree = "<group>"; };
		312519DD2EDFB21A0093C3FD /* PairingModels.swift */ = {isa = PBXFileReference; lastKnownFileType = sourcecode.swift; path = PairingModels.swift; sourceTree = "<group>"; };
		312519E02EDFB2440093C3FD /* APIClient.swift */ = {isa = PBXFileReference; lastKnownFileType = sourcecode.swift; path = APIClient.swift; sourceTree = "<group>"; };
		312519E22EDFBE590093C3FD /* LocationModels.swift */ = {isa = PBXFileReference; lastKnownFileType = sourcecode.swift; path = LocationModels.swift; sourceTree = "<group>"; };
		312519E52EDFBEE70093C3FD /* MainView.swift */ = {isa = PBXFileReference; lastKnownFileType = sourcecode.swift; path = MainView.swift; sourceTree = "<group>"; };
/* End PBXFileReference section */

/* Begin PBXFrameworksBuildPhase section */
		312519A92EDFAD4C0093C3FD /* Frameworks */ = {
			isa = PBXFrameworksBuildPhase;
			buildActionMask = 2147483647;
			files = (
			);
			runOnlyForDeploymentPostprocessing = 0;
		};
		312519B92EDFAD4E0093C3FD /* Frameworks */ = {
			isa = PBXFrameworksBuildPhase;
			buildActionMask = 2147483647;
			files = (
			);
			runOnlyForDeploymentPostprocessing = 0;
		};
		312519C32EDFAD4E0093C3FD /* Frameworks */ = {
			isa = PBXFrameworksBuildPhase;
			buildActionMask = 2147483647;
			files = (
			);
			runOnlyForDeploymentPostprocessing = 0;
		};
/* End PBXFrameworksBuildPhase section */

/* Begin PBXGroup section */
		312519A32EDFAD4C0093C3FD = {
			isa = PBXGroup;
			children = (
				312519E42EDFBED60093C3FD /* Views */,
				312519DF2EDFB22F0093C3FD /* Networking */,
				312519DC2EDFB1FD0093C3FD /* Models */,
				312519D92EDFADDE0093C3FD /* Utils */,
				312519AE2EDFAD4C0093C3FD /* LoversCompass */,
				312519BF2EDFAD4E0093C3FD /* LoversCompassTests */,
				312519C92EDFAD4E0093C3FD /* LoversCompassUITests */,
				312519AD2EDFAD4C0093C3FD /* Products */,
			);
			sourceTree = "<group>";
		};
		312519AD2EDFAD4C0093C3FD /* Products */ = {
			isa = PBXGroup;
			children = (
				312519AC2EDFAD4C0093C3FD /* LoversCompass.app */,
				312519BC2EDFAD4E0093C3FD /* LoversCompassTests.xctest */,
				312519C62EDFAD4E0093C3FD /* LoversCompassUITests.xctest */,
			);
			name = Products;
			sourceTree = "<group>";
		};
		312519AE2EDFAD4C0093C3FD /* LoversCompass */ = {
			isa = PBXGroup;
			children = (
				312519AF2EDFAD4C0093C3FD /* LoversCompassApp.swift */,
				312519B12EDFAD4C0093C3FD /* ContentView.swift */,
				312519B32EDFAD4E0093C3FD /* Assets.xcassets */,
				312519B52EDFAD4E0093C3FD /* Preview Content */,
			);
			path = LoversCompass;
			sourceTree = "<group>";
		};
		312519B52EDFAD4E0093C3FD /* Preview Content */ = {
			isa = PBXGroup;
			children = (
				312519B62EDFAD4E0093C3FD /* Preview Assets.xcassets */,
			);
			path = "Preview Content";
			sourceTree = "<group>";
		};
		312519BF2EDFAD4E0093C3FD /* LoversCompassTests */ = {
			isa = PBXGroup;
			children = (
				312519C02EDFAD4E0093C3FD /* LoversCompassTests.swift */,
			);
			path = LoversCompassTests;
			sourceTree = "<group>";
		};
		312519C92EDFAD4E0093C3FD /* LoversCompassUITests */ = {
			isa = PBXGroup;
			children = (
				312519CA2EDFAD4E0093C3FD /* LoversCompassUITests.swift */,
				312519CC2EDFAD4E0093C3FD /* LoversCompassUITestsLaunchTests.swift */,
			);
			path = LoversCompassUITests;
			sourceTree = "<group>";
		};
		312519D92EDFADDE0093C3FD /* Utils */ = {
			isa = PBXGroup;
			children = (
				312519DA2EDFAE1A0093C3FD /* DeviceIdManager.swift */,
			);
			path = Utils;
			sourceTree = "<group>";
		};
		312519DC2EDFB1FD0093C3FD /* Models */ = {
			isa = PBXGroup;
			children = (
				312519DD2EDFB21A0093C3FD /* PairingModels.swift */,
				312519E22EDFBE590093C3FD /* LocationModels.swift */,
			);
			path = Models;
			sourceTree = "<group>";
		};
		312519DF2EDFB22F0093C3FD /* Networking */ = {
			isa = PBXGroup;
			children = (
				312519E02EDFB2440093C3FD /* APIClient.swift */,
			);
			path = Networking;
			sourceTree = "<group>";
		};
		312519E42EDFBED60093C3FD /* Views */ = {
			isa = PBXGroup;
			children = (
				312519E52EDFBEE70093C3FD /* MainView.swift */,
			);
			path = Views;
			sourceTree = "<group>";
		};
/* End PBXGroup section */

/* Begin PBXNativeTarget section */
		312519AB2EDFAD4C0093C3FD /* LoversCompass */ = {
			isa = PBXNativeTarget;
			buildConfigurationList = 312519D02EDFAD4E0093C3FD /* Build configuration list for PBXNativeTarget "LoversCompass" */;
			buildPhases = (
				312519A82EDFAD4C0093C3FD /* Sources */,
				312519A92EDFAD4C0093C3FD /* Frameworks */,
				312519AA2EDFAD4C0093C3FD /* Resources */,
			);
			buildRules = (
			);
			dependencies = (
			);
			name = LoversCompass;
			productName = LoversCompass;
			productReference = 312519AC2EDFAD4C0093C3FD /* LoversCompass.app */;
			productType = "com.apple.product-type.application";
		};
		312519BB2EDFAD4E0093C3FD /* LoversCompassTests */ = {
			isa = PBXNativeTarget;
			buildConfigurationList = 312519D32EDFAD4E0093C3FD /* Build configuration list for PBXNativeTarget "LoversCompassTests" */;
			buildPhases = (
				312519B82EDFAD4E0093C3FD /* Sources */,
				312519B92EDFAD4E0093C3FD /* Frameworks */,
				312519BA2EDFAD4E0093C3FD /* Resources */,
			);
			buildRules = (
			);
			dependencies = (
				312519BE2EDFAD4E0093C3FD /* PBXTargetDependency */,
			);
			name = LoversCompassTests;
			productName = LoversCompassTests;
			productReference = 312519BC2EDFAD4E0093C3FD /* LoversCompassTests.xctest */;
			productType = "com.apple.product-type.bundle.unit-test";
		};
		312519C52EDFAD4E0093C3FD /* LoversCompassUITests */ = {
			isa = PBXNativeTarget;
			buildConfigurationList = 312519D62EDFAD4E0093C3FD /* Build configuration list for PBXNativeTarget "LoversCompassUITests" */;
			buildPhases = (
				312519C22EDFAD4E0093C3FD /* Sources */,
				312519C32EDFAD4E0093C3FD /* Frameworks */,
				312519C42EDFAD4E0093C3FD /* Resources */,
			);
			buildRules = (
			);
			dependencies = (
				312519C82EDFAD4E0093C3FD /* PBXTargetDependency */,
			);
			name = LoversCompassUITests;
			productName = LoversCompassUITests;
			productReference = 312519C62EDFAD4E0093C3FD /* LoversCompassUITests.xctest */;
			productType = "com.apple.product-type.bundle.ui-testing";
		};
/* End PBXNativeTarget section */

/* Begin PBXProject section */
		312519A42EDFAD4C0093C3FD /* Project object */ = {
			isa = PBXProject;
			attributes = {
				BuildIndependentTargetsInParallel = 1;
				LastSwiftUpdateCheck = 1540;
				LastUpgradeCheck = 1540;
				TargetAttributes = {
					312519AB2EDFAD4C0093C3FD = {
						CreatedOnToolsVersion = 15.4;
					};
					312519BB2EDFAD4E0093C3FD = {
						CreatedOnToolsVersion = 15.4;
						TestTargetID = 312519AB2EDFAD4C0093C3FD;
					};
					312519C52EDFAD4E0093C3FD = {
						CreatedOnToolsVersion = 15.4;
						TestTargetID = 312519AB2EDFAD4C0093C3FD;
					};
				};
			};
			buildConfigurationList = 312519A72EDFAD4C0093C3FD /* Build configuration list for PBXProject "LoversCompass" */;
			compatibilityVersion = "Xcode 14.0";
			developmentRegion = en;
			hasScannedForEncodings = 0;
			knownRegions = (
				en,
				Base,
			);
			mainGroup = 312519A32EDFAD4C0093C3FD;
			productRefGroup = 312519AD2EDFAD4C0093C3FD /* Products */;
			projectDirPath = "";
			projectRoot = "";
			targets = (
				312519AB2EDFAD4C0093C3FD /* LoversCompass */,
				312519BB2EDFAD4E0093C3FD /* LoversCompassTests */,
				312519C52EDFAD4E0093C3FD /* LoversCompassUITests */,
			);
		};
/* End PBXProject section */

/* Begin PBXResourcesBuildPhase section */
		312519AA2EDFAD4C0093C3FD /* Resources */ = {
			isa = PBXResourcesBuildPhase;
			buildActionMask = 2147483647;
			files = (
				312519B72EDFAD4E0093C3FD /* Preview Assets.xcassets in Resources */,
				312519B42EDFAD4E0093C3FD /* Assets.xcassets in Resources */,
			);
			runOnlyForDeploymentPostprocessing = 0;
		};
		312519BA2EDFAD4E0093C3FD /* Resources */ = {
			isa = PBXResourcesBuildPhase;
			buildActionMask = 2147483647;
			files = (
			);
			runOnlyForDeploymentPostprocessing = 0;
		};
		312519C42EDFAD4E0093C3FD /* Resources */ = {
			isa = PBXResourcesBuildPhase;
			buildActionMask = 2147483647;
			files = (
			);
			runOnlyForDeploymentPostprocessing = 0;
		};
/* End PBXResourcesBuildPhase section */

/* Begin PBXSourcesBuildPhase section */
		312519A82EDFAD4C0093C3FD /* Sources */ = {
			isa = PBXSourcesBuildPhase;
			buildActionMask = 2147483647;
			files = (
				312519E32EDFBE590093C3FD /* LocationModels.swift in Sources */,
				312519E62EDFBEE70093C3FD /* MainView.swift in Sources */,
				312519DE2EDFB21A0093C3FD /* PairingModels.swift in Sources */,
				312519DB2EDFAE1A0093C3FD /* DeviceIdManager.swift in Sources */,
				312519B22EDFAD4C0093C3FD /* ContentView.swift in Sources */,
				312519E12EDFB2440093C3FD /* APIClient.swift in Sources */,
				312519B02EDFAD4C0093C3FD /* LoversCompassApp.swift in Sources */,
			);
			runOnlyForDeploymentPostprocessing = 0;
		};
		312519B82EDFAD4E0093C3FD /* Sources */ = {
			isa = PBXSourcesBuildPhase;
			buildActionMask = 2147483647;
			files = (
				312519C12EDFAD4E0093C3FD /* LoversCompassTests.swift in Sources */,
			);
			runOnlyForDeploymentPostprocessing = 0;
		};
		312519C22EDFAD4E0093C3FD /* Sources */ = {
			isa = PBXSourcesBuildPhase;
			buildActionMask = 2147483647;
			files = (
				312519CD2EDFAD4E0093C3FD /* LoversCompassUITestsLaunchTests.swift in Sources */,
				312519CB2EDFAD4E0093C3FD /* LoversCompassUITests.swift in Sources */,
			);
			runOnlyForDeploymentPostprocessing = 0;
		};
/* End PBXSourcesBuildPhase section */

/* Begin PBXTargetDependency section */
		312519BE2EDFAD4E0093C3FD /* PBXTargetDependency */ = {
			isa = PBXTargetDependency;
			target = 312519AB2EDFAD4C0093C3FD /* LoversCompass */;
			targetProxy = 312519BD2EDFAD4E0093C3FD /* PBXContainerItemProxy */;
		};
		312519C82EDFAD4E0093C3FD /* PBXTargetDependency */ = {
			isa = PBXTargetDependency;
			target = 312519AB2EDFAD4C0093C3FD /* LoversCompass */;
			targetProxy = 312519C72EDFAD4E0093C3FD /* PBXContainerItemProxy */;
		};
/* End PBXTargetDependency section */

/* Begin XCBuildConfiguration section */
		312519CE2EDFAD4E0093C3FD /* Debug */ = {
			isa = XCBuildConfiguration;
			buildSettings = {
				ALWAYS_SEARCH_USER_PATHS = NO;
				ASSETCATALOG_COMPILER_GENERATE_SWIFT_ASSET_SYMBOL_EXTENSIONS = YES;
				CLANG_ANALYZER_NONNULL = YES;
				CLANG_ANALYZER_NUMBER_OBJECT_CONVERSION = YES_AGGRESSIVE;
				CLANG_CXX_LANGUAGE_STANDARD = "gnu++20";
				CLANG_ENABLE_MODULES = YES;
				CLANG_ENABLE_OBJC_ARC = YES;
				CLANG_ENABLE_OBJC_WEAK = YES;
				CLANG_WARN_BLOCK_CAPTURE_AUTORELEASING = YES;
				CLANG_WARN_BOOL_CONVERSION = YES;
				CLANG_WARN_COMMA = YES;
				CLANG_WARN_CONSTANT_CONVERSION = YES;
				CLANG_WARN_DEPRECATED_OBJC_IMPLEMENTATIONS = YES;
				CLANG_WARN_DIRECT_OBJC_ISA_USAGE = YES_ERROR;
				CLANG_WARN_DOCUMENTATION_COMMENTS = YES;
				CLANG_WARN_EMPTY_BODY = YES;
				CLANG_WARN_ENUM_CONVERSION = YES;
				CLANG_WARN_INFINITE_RECURSION = YES;
				CLANG_WARN_INT_CONVERSION = YES;
				CLANG_WARN_NON_LITERAL_NULL_CONVERSION = YES;
				CLANG_WARN_OBJC_IMPLICIT_RETAIN_SELF = YES;
				CLANG_WARN_OBJC_LITERAL_CONVERSION = YES;
				CLANG_WARN_OBJC_ROOT_CLASS = YES_ERROR;
				CLANG_WARN_QUOTED_INCLUDE_IN_FRAMEWORK_HEADER = YES;
				CLANG_WARN_RANGE_LOOP_ANALYSIS = YES;
				CLANG_WARN_STRICT_PROTOTYPES = YES;
				CLANG_WARN_SUSPICIOUS_MOVE = YES;
				CLANG_WARN_UNGUARDED_AVAILABILITY = YES_AGGRESSIVE;
				CLANG_WARN_UNREACHABLE_CODE = YES;
				CLANG_WARN__DUPLICATE_METHOD_MATCH = YES;
				COPY_PHASE_STRIP = NO;
				DEBUG_INFORMATION_FORMAT = dwarf;
				ENABLE_STRICT_OBJC_MSGSEND = YES;
				ENABLE_TESTABILITY = YES;
				ENABLE_USER_SCRIPT_SANDBOXING = YES;
				GCC_C_LANGUAGE_STANDARD = gnu17;
				GCC_DYNAMIC_NO_PIC = NO;
				GCC_NO_COMMON_BLOCKS = YES;
				GCC_OPTIMIZATION_LEVEL = 0;
				GCC_PREPROCESSOR_DEFINITIONS = (
					"DEBUG=1",
					"$(inherited)",
				);
				GCC_WARN_64_TO_32_BIT_CONVERSION = YES;
				GCC_WARN_ABOUT_RETURN_TYPE = YES_ERROR;
				GCC_WARN_UNDECLARED_SELECTOR = YES;
				GCC_WARN_UNINITIALIZED_AUTOS = YES_AGGRESSIVE;
				GCC_WARN_UNUSED_FUNCTION = YES;
				GCC_WARN_UNUSED_VARIABLE = YES;
				IPHONEOS_DEPLOYMENT_TARGET = 17.5;
				LOCALIZATION_PREFERS_STRING_CATALOGS = YES;
				MTL_ENABLE_DEBUG_INFO = INCLUDE_SOURCE;
				MTL_FAST_MATH = YES;
				ONLY_ACTIVE_ARCH = YES;
				SDKROOT = iphoneos;
				SWIFT_ACTIVE_COMPILATION_CONDITIONS = "DEBUG $(inherited)";
				SWIFT_OPTIMIZATION_LEVEL = "-Onone";
			};
			name = Debug;
		};
		312519CF2EDFAD4E0093C3FD /* Release */ = {
			isa = XCBuildConfiguration;
			buildSettings = {
				ALWAYS_SEARCH_USER_PATHS = NO;
				ASSETCATALOG_COMPILER_GENERATE_SWIFT_ASSET_SYMBOL_EXTENSIONS = YES;
				CLANG_ANALYZER_NONNULL = YES;
				CLANG_ANALYZER_NUMBER_OBJECT_CONVERSION = YES_AGGRESSIVE;
				CLANG_CXX_LANGUAGE_STANDARD = "gnu++20";
				CLANG_ENABLE_MODULES = YES;
				CLANG_ENABLE_OBJC_ARC = YES;
				CLANG_ENABLE_OBJC_WEAK = YES;
				CLANG_WARN_BLOCK_CAPTURE_AUTORELEASING = YES;
				CLANG_WARN_BOOL_CONVERSION = YES;
				CLANG_WARN_COMMA = YES;
				CLANG_WARN_CONSTANT_CONVERSION = YES;
				CLANG_WARN_DEPRECATED_OBJC_IMPLEMENTATIONS = YES;
				CLANG_WARN_DIRECT_OBJC_ISA_USAGE = YES_ERROR;
				CLANG_WARN_DOCUMENTATION_COMMENTS = YES;
				CLANG_WARN_EMPTY_BODY = YES;
				CLANG_WARN_ENUM_CONVERSION = YES;
				CLANG_WARN_INFINITE_RECURSION = YES;
				CLANG_WARN_INT_CONVERSION = YES;
				CLANG_WARN_NON_LITERAL_NULL_CONVERSION = YES;
				CLANG_WARN_OBJC_IMPLICIT_RETAIN_SELF = YES;
				CLANG_WARN_OBJC_LITERAL_CONVERSION = YES;
				CLANG_WARN_OBJC_ROOT_CLASS = YES_ERROR;
				CLANG_WARN_QUOTED_INCLUDE_IN_FRAMEWORK_HEADER = YES;
				CLANG_WARN_RANGE_LOOP_ANALYSIS = YES;
				CLANG_WARN_STRICT_PROTOTYPES = YES;
				CLANG_WARN_SUSPICIOUS_MOVE = YES;
				CLANG_WARN_UNGUARDED_AVAILABILITY = YES_AGGRESSIVE;
				CLANG_WARN_UNREACHABLE_CODE = YES;
				CLANG_WARN__DUPLICATE_METHOD_MATCH = YES;
				COPY_PHASE_STRIP = NO;
				DEBUG_INFORMATION_FORMAT = "dwarf-with-dsym";
				ENABLE_NS_ASSERTIONS = NO;
				ENABLE_STRICT_OBJC_MSGSEND = YES;
				ENABLE_USER_SCRIPT_SANDBOXING = YES;
				GCC_C_LANGUAGE_STANDARD = gnu17;
				GCC_NO_COMMON_BLOCKS = YES;
				GCC_WARN_64_TO_32_BIT_CONVERSION = YES;
				GCC_WARN_ABOUT_RETURN_TYPE = YES_ERROR;
				GCC_WARN_UNDECLARED_SELECTOR = YES;
				GCC_WARN_UNINITIALIZED_AUTOS = YES_AGGRESSIVE;
				GCC_WARN_UNUSED_FUNCTION = YES;
				GCC_WARN_UNUSED_VARIABLE = YES;
				IPHONEOS_DEPLOYMENT_TARGET = 17.5;
				LOCALIZATION_PREFERS_STRING_CATALOGS = YES;
				MTL_ENABLE_DEBUG_INFO = NO;
				MTL_FAST_MATH = YES;
				SDKROOT = iphoneos;
				SWIFT_COMPILATION_MODE = wholemodule;
				VALIDATE_PRODUCT = YES;
			};
			name = Release;
		};
		312519D12EDFAD4E0093C3FD /* Debug */ = {
			isa = XCBuildConfiguration;
			buildSettings = {
				ASSETCATALOG_COMPILER_APPICON_NAME = AppIcon;
				ASSETCATALOG_COMPILER_GLOBAL_ACCENT_COLOR_NAME = AccentColor;
				CODE_SIGN_STYLE = Automatic;
				CURRENT_PROJECT_VERSION = 1;
				DEVELOPMENT_ASSET_PATHS = "\"LoversCompass/Preview Content\"";
				DEVELOPMENT_TEAM = 8MBGHS687J;
				ENABLE_PREVIEWS = YES;
				GENERATE_INFOPLIST_FILE = YES;
				INFOPLIST_KEY_UIApplicationSceneManifest_Generation = YES;
				INFOPLIST_KEY_UIApplicationSupportsIndirectInputEvents = YES;
				INFOPLIST_KEY_UILaunchScreen_Generation = YES;
				INFOPLIST_KEY_UISupportedInterfaceOrientations_iPad = "UIInterfaceOrientationPortrait UIInterfaceOrientationPortraitUpsideDown UIInterfaceOrientationLandscapeLeft UIInterfaceOrientationLandscapeRight";
				INFOPLIST_KEY_UISupportedInterfaceOrientations_iPhone = "UIInterfaceOrientationPortrait UIInterfaceOrientationLandscapeLeft UIInterfaceOrientationLandscapeRight";
				LD_RUNPATH_SEARCH_PATHS = (
					"$(inherited)",
					"@executable_path/Frameworks",
				);
				MARKETING_VERSION = 1.0;
				PRODUCT_BUNDLE_IDENTIFIER = com.LucaWheeler.LoversCompass;
				PRODUCT_NAME = "$(TARGET_NAME)";
				SWIFT_EMIT_LOC_STRINGS = YES;
				SWIFT_VERSION = 5.0;
				TARGETED_DEVICE_FAMILY = "1,2";
			};
			name = Debug;
		};
		312519D22EDFAD4E0093C3FD /* Release */ = {
			isa = XCBuildConfiguration;
			buildSettings = {
				ASSETCATALOG_COMPILER_APPICON_NAME = AppIcon;
				ASSETCATALOG_COMPILER_GLOBAL_ACCENT_COLOR_NAME = AccentColor;
				CODE_SIGN_STYLE = Automatic;
				CURRENT_PROJECT_VERSION = 1;
				DEVELOPMENT_ASSET_PATHS = "\"LoversCompass/Preview Content\"";
				DEVELOPMENT_TEAM = 8MBGHS687J;
				ENABLE_PREVIEWS = YES;
				GENERATE_INFOPLIST_FILE = YES;
				INFOPLIST_KEY_UIApplicationSceneManifest_Generation = YES;
				INFOPLIST_KEY_UIApplicationSupportsIndirectInputEvents = YES;
				INFOPLIST_KEY_UILaunchScreen_Generation = YES;
				INFOPLIST_KEY_UISupportedInterfaceOrientations_iPad = "UIInterfaceOrientationPortrait UIInterfaceOrientationPortraitUpsideDown UIInterfaceOrientationLandscapeLeft UIInterfaceOrientationLandscapeRight";
				INFOPLIST_KEY_UISupportedInterfaceOrientations_iPhone = "UIInterfaceOrientationPortrait UIInterfaceOrientationLandscapeLeft UIInterfaceOrientationLandscapeRight";
				LD_RUNPATH_SEARCH_PATHS = (
					"$(inherited)",
					"@executable_path/Frameworks",
				);
				MARKETING_VERSION = 1.0;
				PRODUCT_BUNDLE_IDENTIFIER = com.LucaWheeler.LoversCompass;
				PRODUCT_NAME = "$(TARGET_NAME)";
				SWIFT_EMIT_LOC_STRINGS = YES;
				SWIFT_VERSION = 5.0;
				TARGETED_DEVICE_FAMILY = "1,2";
			};
			name = Release;
		};
		312519D42EDFAD4E0093C3FD /* Debug */ = {
			isa = XCBuildConfiguration;
			buildSettings = {
				ALWAYS_EMBED_SWIFT_STANDARD_LIBRARIES = YES;
				BUNDLE_LOADER = "$(TEST_HOST)";
				CODE_SIGN_STYLE = Automatic;
				CURRENT_PROJECT_VERSION = 1;
				DEVELOPMENT_TEAM = 8MBGHS687J;
				GENERATE_INFOPLIST_FILE = YES;
				IPHONEOS_DEPLOYMENT_TARGET = 17.5;
				MARKETING_VERSION = 1.0;
				PRODUCT_BUNDLE_IDENTIFIER = com.LucaWheeler.LoversCompassTests;
				PRODUCT_NAME = "$(TARGET_NAME)";
				SWIFT_EMIT_LOC_STRINGS = NO;
				SWIFT_VERSION = 5.0;
				TARGETED_DEVICE_FAMILY = "1,2";
				TEST_HOST = "$(BUILT_PRODUCTS_DIR)/LoversCompass.app/$(BUNDLE_EXECUTABLE_FOLDER_PATH)/LoversCompass";
			};
			name = Debug;
		};
		312519D52EDFAD4E0093C3FD /* Release */ = {
			isa = XCBuildConfiguration;
			buildSettings = {
				ALWAYS_EMBED_SWIFT_STANDARD_LIBRARIES = YES;
				BUNDLE_LOADER = "$(TEST_HOST)";
				CODE_SIGN_STYLE = Automatic;
				CURRENT_PROJECT_VERSION = 1;
				DEVELOPMENT_TEAM = 8MBGHS687J;
				GENERATE_INFOPLIST_FILE = YES;
				IPHONEOS_DEPLOYMENT_TARGET = 17.5;
				MARKETING_VERSION = 1.0;
				PRODUCT_BUNDLE_IDENTIFIER = com.LucaWheeler.LoversCompassTests;
				PRODUCT_NAME = "$(TARGET_NAME)";
				SWIFT_EMIT_LOC_STRINGS = NO;
				SWIFT_VERSION = 5.0;
				TARGETED_DEVICE_FAMILY = "1,2";
				TEST_HOST = "$(BUILT_PRODUCTS_DIR)/LoversCompass.app/$(BUNDLE_EXECUTABLE_FOLDER_PATH)/LoversCompass";
			};
			name = Release;
		};
		312519D72EDFAD4E0093C3FD /* Debug */ = {
			isa = XCBuildConfiguration;
			buildSettings = {
				ALWAYS_EMBED_SWIFT_STANDARD_LIBRARIES = YES;
				CODE_SIGN_STYLE = Automatic;
				CURRENT_PROJECT_VERSION = 1;
				DEVELOPMENT_TEAM = 8MBGHS687J;
				GENERATE_INFOPLIST_FILE = YES;
				MARKETING_VERSION = 1.0;
				PRODUCT_BUNDLE_IDENTIFIER = com.LucaWheeler.LoversCompassUITests;
				PRODUCT_NAME = "$(TARGET_NAME)";
				SWIFT_EMIT_LOC_STRINGS = NO;
				SWIFT_VERSION = 5.0;
				TARGETED_DEVICE_FAMILY = "1,2";
				TEST_TARGET_NAME = LoversCompass;
			};
			name = Debug;
		};
		312519D82EDFAD4E0093C3FD /* Release */ = {
			isa = XCBuildConfiguration;
			buildSettings = {
				ALWAYS_EMBED_SWIFT_STANDARD_LIBRARIES = YES;
				CODE_SIGN_STYLE = Automatic;
				CURRENT_PROJECT_VERSION = 1;
				DEVELOPMENT_TEAM = 8MBGHS687J;
				GENERATE_INFOPLIST_FILE = YES;
				MARKETING_VERSION = 1.0;
				PRODUCT_BUNDLE_IDENTIFIER = com.LucaWheeler.LoversCompassUITests;
				PRODUCT_NAME = "$(TARGET_NAME)";
				SWIFT_EMIT_LOC_STRINGS = NO;
				SWIFT_VERSION = 5.0;
				TARGETED_DEVICE_FAMILY = "1,2";
				TEST_TARGET_NAME = LoversCompass;
			};
			name = Release;
		};
/* End XCBuildConfiguration section */

/* Begin XCConfigurationList section */
		312519A72EDFAD4C0093C3FD /* Build configuration list for PBXProject "LoversCompass" */ = {
			isa = XCConfigurationList;
			buildConfigurations = (
				312519CE2EDFAD4E0093C3FD /* Debug */,
				312519CF2EDFAD4E0093C3FD /* Release */,
			);
			defaultConfigurationIsVisible = 0;
			defaultConfigurationName = Release;
		};
		312519D02EDFAD4E0093C3FD /* Build configuration list for PBXNativeTarget "LoversCompass" */ = {
			isa = XCConfigurationList;
			buildConfigurations = (
				312519D12EDFAD4E0093C3FD /* Debug */,
				312519D22EDFAD4E0093C3FD /* Release */,
			);
			defaultConfigurationIsVisible = 0;
			defaultConfigurationName = Release;
		};
		312519D32EDFAD4E0093C3FD /* Build configuration list for PBXNativeTarget "LoversCompassTests" */ = {
			isa = XCConfigurationList;
			buildConfigurations = (
				312519D42EDFAD4E0093C3FD /* Debug */,
				312519D52EDFAD4E0093C3FD /* Release */,
			);
			defaultConfigurationIsVisible = 0;
			defaultConfigurationName = Release;
		};
		312519D62EDFAD4E0093C3FD /* Build configuration list for PBXNativeTarget "LoversCompassUITests" */ = {
			isa = XCConfigurationList;
			buildConfigurations = (
				312519D72EDFAD4E0093C3FD /* Debug */,
				312519D82EDFAD4E0093C3FD /* Release */,
			);
			defaultConfigurationIsVisible = 0;
			defaultConfigurationName = Release;
		};
/* End XCConfigurationList section */
	};
	rootObject = 312519A42EDFAD4C0093C3FD /* Project object */;
}
